
Microsoft Visual Studio Solution File, Format Version 12.00
# Visual Studio Version 16
VisualStudioVersion = 16.0.30406.217
MinimumVisualStudioVersion = 10.0.40219.1
Project("{FAE04EC0-301F-11D3-BF4B-00C04F79EFBC}") = "CoreNotes.gRPC.Server", "CoreNotes.gRPC.Server\CoreNotes.gRPC.Server.csproj", "{43BF07C6-3EC0-4675-B286-15AAB604DBB0}"
EndProject
Global
	GlobalSection(SolutionConfigurationPlatforms) = preSolution
		Debug|Any CPU = Debug|Any CPU
		Release|Any CPU = Release|Any CPU
	EndGlobalSection
	GlobalSection(ProjectConfigurationPlatforms) = postSolution
		{43BF07C6-3EC0-4675-B286-15AAB604DBB0}.Debug|Any CPU.ActiveCfg = Debug|Any CPU
		{43BF07C6-3EC0-4675-B286-15AAB604DBB0}.Debug|Any CPU.Build.0 = Debug|Any CPU
		{43BF07C6-3EC0-4675-B286-15AAB604DBB0}.Release|Any CPU.ActiveCfg = Release|Any CPU
		{43BF07C6-3EC0-4675-B286-15AAB604DBB0}.Release|Any CPU.Build.0 = Release|Any CPU
	EndGlobalSection
	GlobalSection(SolutionProperties) = preSolution
		HideSolutionNode = FALSE
	EndGlobalSection
	GlobalSection(ExtensibilityGlobals) = postSolution
		SolutionGuid = {4ADDC9CF-0177-4E82-8506-440EB3C47A77}
	EndGlobalSection
EndGlobal
